{
  "nodes": {
    "cachix": {
      "locked": {
        "lastModified": 1641229786,
        "narHash": "sha256-WPPcLNbVu6ryj772GooUpF285LOvRHdOo/UNJgPnFYI=",
        "owner": "nixos",
        "repo": "nixpkgs",
        "rev": "88579effa7e88c25087faf6de6388d0cd1738dc0",
        "type": "github"
      },
      "original": {
        "owner": "nixos",
        "ref": "nixos-21.05",
        "repo": "nixpkgs",
        "type": "github"
      }
    },
    "fenix": {
      "inputs": {
        "nixpkgs": [
          "nixpkgs"
        ],
        "rust-analyzer-src": "rust-analyzer-src"
      },
      "locked": {
        "lastModified": 1642141613,
        "narHash": "sha256-WFS7T5oOLD8anu/77iz7EPz7zQsJZtP5qVa5485k3dI=",
        "owner": "nix-community",
        "repo": "fenix",
        "rev": "d75ffc9f1d3b60bb597e48ae01f486a6de27d30e",
        "type": "github"
      },
      "original": {
        "owner": "nix-community",
        "repo": "fenix",
        "type": "github"
      }
    },
    "flake-utils": {
      "locked": {
        "lastModified": 1638122382,
        "narHash": "sha256-sQzZzAbvKEqN9s0bzWuYmRaA03v40gaJ4+iL1LXjaeI=",
        "owner": "numtide",
        "repo": "flake-utils",
        "rev": "74f7e4319258e287b0f9cb95426c9853b282730b",
        "type": "github"
      },
      "original": {
        "owner": "numtide",
        "repo": "flake-utils",
        "type": "github"
      }
    },
    "hm": {
      "inputs": {
        "nixpkgs": [
          "nixpkgs"
        ]
      },
      "locked": {
        "lastModified": 1642117744,
        "narHash": "sha256-/SvxBe/m6JiRSlKIrgD6LQxee9GGewFyq+lsPxoViMY=",
        "owner": "nix-community",
        "repo": "home-manager",
        "rev": "a5dd5d5f197724f3065fd39c59c7ccea3c8dcb8f",
        "type": "github"
      },
      "original": {
        "owner": "nix-community",
        "repo": "home-manager",
        "type": "github"
      }
    },
    "neovim-autosave": {
      "flake": false,
      "locked": {
        "lastModified": 1639521160,
        "narHash": "sha256-1tAYnd4/hGgG2NG8n9hZi9zWM+v1OTh0YBlG8kEZeXI=",
        "owner": "Pocco81",
        "repo": "AutoSave.nvim",
        "rev": "3d342d6fcebeede15b6511b13a38a522c6f33bf8",
        "type": "github"
      },
      "original": {
        "owner": "Pocco81",
        "repo": "AutoSave.nvim",
        "type": "github"
      }
    },
    "neovim-bufdelete-nvim": {
      "flake": false,
      "locked": {
        "lastModified": 1639850992,
        "narHash": "sha256-kViu5B44pOfOHFZntP8Q3sdMm6ElN6o+xvBLsW0wAn8=",
        "owner": "famiu",
        "repo": "bufdelete.nvim",
        "rev": "1c59b784c53afaf7b9ca63186da99e5d46e3e429",
        "type": "github"
      },
      "original": {
        "owner": "famiu",
        "repo": "bufdelete.nvim",
        "type": "github"
      }
    },
    "neovim-coq-nvim": {
      "flake": false,
      "locked": {
        "lastModified": 1642206885,
        "narHash": "sha256-1Cbgz4x4LDuWm5ow8Xie9P6RfWLmzpC1/lAw/87TG3g=",
        "owner": "ms-jpq",
        "repo": "coq_nvim",
        "rev": "8268be801c460e43df7e857f3acf2f6c3688d2fe",
        "type": "github"
      },
      "original": {
        "owner": "ms-jpq",
        "repo": "coq_nvim",
        "type": "github"
      }
    },
    "neovim-hop-extensions": {
      "flake": false,
      "locked": {
        "lastModified": 1638515312,
        "narHash": "sha256-mQYt8J5XkXdtBTsQ6KeI1INV8RWXjKPoscJq7SAMUtA=",
        "owner": "IndianBoy42",
        "repo": "hop-extensions",
        "rev": "86892e99219fab0ca7584c7352ec0aef4329625f",
        "type": "github"
      },
      "original": {
        "owner": "IndianBoy42",
        "repo": "hop-extensions",
        "type": "github"
      }
    },
    "neovim-lspsaga-nvim": {
      "flake": false,
      "locked": {
        "lastModified": 1641631801,
        "narHash": "sha256-7O2PbBMAB05cBkmOsUHY2NeN5HMB5OHh9Fhn+9QITq0=",
        "owner": "tami5",
        "repo": "lspsaga.nvim",
        "rev": "72eaf3544020db3da41d3813487329ae89512e9e",
        "type": "github"
      },
      "original": {
        "owner": "tami5",
        "repo": "lspsaga.nvim",
        "type": "github"
      }
    },
    "neovim-lua-dev": {
      "flake": false,
      "locked": {
        "lastModified": 1640941417,
        "narHash": "sha256-7Zp8AT9C0WtZc36TWHIo35qlLZvEL4wfrSkJOgM0qcU=",
        "owner": "folke",
        "repo": "lua-dev.nvim",
        "rev": "03a44ec6a54b0a025a633978e8541584a02e46d9",
        "type": "github"
      },
      "original": {
        "owner": "folke",
        "repo": "lua-dev.nvim",
        "type": "github"
      }
    },
    "neovim-mapx": {
      "flake": false,
      "locked": {
        "lastModified": 1637562769,
        "narHash": "sha256-XzGpUY1aH8G3O7ELNDDS/SuqKUFcbXKLn022jXS38uY=",
        "owner": "b0o",
        "repo": "mapx.nvim",
        "rev": "a95e22ac1e17da5f216c84c7578f769165ea2fc1",
        "type": "github"
      },
      "original": {
        "owner": "b0o",
        "repo": "mapx.nvim",
        "type": "github"
      }
    },
    "neovim-neoclip": {
      "flake": false,
      "locked": {
        "lastModified": 1641752667,
        "narHash": "sha256-IDJMQ5uCNEoHCBYU0Dj8QDFsFRfTXHJvFPcgMDMAHB8=",
        "owner": "AckslD",
        "repo": "nvim-neoclip.lua",
        "rev": "bfd6503ce5e2949e17e4053ca00b9e6836fe94e7",
        "type": "github"
      },
      "original": {
        "owner": "AckslD",
        "repo": "nvim-neoclip.lua",
        "type": "github"
      }
    },
    "neovim-neorg": {
      "flake": false,
      "locked": {
        "lastModified": 1642186522,
        "narHash": "sha256-Bg93JPZbwCyb5G9KW7UuQDqNBHnNQUm2goWYVUXXzHE=",
        "owner": "nvim-neorg",
        "repo": "neorg",
        "rev": "c2393b17922e934662b591833f814e9509a347fd",
        "type": "github"
      },
      "original": {
        "owner": "nvim-neorg",
        "repo": "neorg",
        "type": "github"
      }
    },
    "neovim-neorg-telescope": {
      "flake": false,
      "locked": {
        "lastModified": 1641047375,
        "narHash": "sha256-BShWwaK4L49bI+x0wLfAsRCeD7C+lDoB90iu7VkWKeI=",
        "owner": "nvim-neorg",
        "repo": "neorg-telescope",
        "rev": "75c2ad02d91c353069fdcb55418d4f6eb6aec74e",
        "type": "github"
      },
      "original": {
        "owner": "nvim-neorg",
        "repo": "neorg-telescope",
        "type": "github"
      }
    },
    "neovim-neorg-trouble": {
      "flake": false,
      "locked": {
        "lastModified": 1636318297,
        "narHash": "sha256-lnJN5c4JaMRvhvzNRGz16zEnZZVS/BWsPjp1E1uVMIA=",
        "owner": "quantum-booty",
        "repo": "neorg-trouble",
        "rev": "b7566974961ecbe36d563e6ae32d98daa61b782c",
        "type": "github"
      },
      "original": {
        "owner": "quantum-booty",
        "repo": "neorg-trouble",
        "type": "github"
      }
    },
    "neovim-session-lens": {
      "flake": false,
      "locked": {
        "lastModified": 1629435904,
        "narHash": "sha256-U1sRWLp+PCx29pQyueAppd/S3pI+SbDvYK5Ih5SZx3A=",
        "owner": "rmagatti",
        "repo": "session-lens",
        "rev": "4c1754bf5c2372d0a6265d40fb8f713bc27c8018",
        "type": "github"
      },
      "original": {
        "owner": "rmagatti",
        "repo": "session-lens",
        "type": "github"
      }
    },
    "neovim-tabout": {
      "flake": false,
      "locked": {
        "lastModified": 1639585959,
        "narHash": "sha256-g8oaYTg0Ta8DpOWzndUisoEagVO+T/35FC4KnTpRww0=",
        "owner": "abecodes",
        "repo": "tabout.nvim",
        "rev": "6ff556b1b2274c8ba3eaedbf62339789e79baca8",
        "type": "github"
      },
      "original": {
        "owner": "abecodes",
        "repo": "tabout.nvim",
        "type": "github"
      }
    },
    "neovim-telescope-file-browser": {
      "flake": false,
      "locked": {
        "lastModified": 1642106958,
        "narHash": "sha256-sG5js83zB8g/PwUTfF7KTIBX/FfmrKEGjVRI2caDDMg=",
        "owner": "nvim-telescope",
        "repo": "telescope-file-browser.nvim",
        "rev": "d9557a4aee0f5e6acab6fb441f8f33a091a12239",
        "type": "github"
      },
      "original": {
        "owner": "nvim-telescope",
        "repo": "telescope-file-browser.nvim",
        "type": "github"
      }
    },
    "neovim-trouble-nvim": {
      "flake": false,
      "locked": {
        "lastModified": 1639885309,
        "narHash": "sha256-JwzR8CG5Iu1NukMv9daNVNLCkCVwQQoRtW4VIDuIOUY=",
        "owner": "yelite",
        "repo": "trouble.nvim",
        "rev": "8f3b372aa7e1ac04c81539805756bdae0d27ab8f",
        "type": "github"
      },
      "original": {
        "owner": "yelite",
        "repo": "trouble.nvim",
        "type": "github"
      }
    },
    "nixpkgs": {
      "locked": {
        "lastModified": 1641887635,
        "narHash": "sha256-kDGpufwzVaiGe5e1sBUBPo9f1YN+nYHJlYqCaVpZTQQ=",
        "owner": "NixOS",
        "repo": "nixpkgs",
        "rev": "b2737d4980a17cc2b7d600d7d0b32fd7333aca88",
        "type": "github"
      },
      "original": {
        "id": "nixpkgs",
        "ref": "nixos-unstable",
        "type": "indirect"
      }
    },
    "nixpkgs-wayland": {
      "inputs": {
        "cachix": "cachix",
        "nixpkgs": [
          "nixpkgs"
        ]
      },
      "locked": {
        "lastModified": 1641873539,
        "narHash": "sha256-R7ZU0yIeBc9/q+TVRPSNQ2uBDPq2xbadxXKc0YS7yPg=",
        "owner": "nix-community",
        "repo": "nixpkgs-wayland",
        "rev": "d82f96a4e818ddd2fddcd5b157bff85b54e5ad80",
        "type": "github"
      },
      "original": {
        "owner": "nix-community",
        "repo": "nixpkgs-wayland",
        "type": "github"
      }
    },
    "root": {
      "inputs": {
        "fenix": "fenix",
        "hm": "hm",
        "neovim-autosave": "neovim-autosave",
        "neovim-bufdelete-nvim": "neovim-bufdelete-nvim",
        "neovim-coq-nvim": "neovim-coq-nvim",
        "neovim-hop-extensions": "neovim-hop-extensions",
        "neovim-lspsaga-nvim": "neovim-lspsaga-nvim",
        "neovim-lua-dev": "neovim-lua-dev",
        "neovim-mapx": "neovim-mapx",
        "neovim-neoclip": "neovim-neoclip",
        "neovim-neorg": "neovim-neorg",
        "neovim-neorg-telescope": "neovim-neorg-telescope",
        "neovim-neorg-trouble": "neovim-neorg-trouble",
        "neovim-session-lens": "neovim-session-lens",
        "neovim-tabout": "neovim-tabout",
        "neovim-telescope-file-browser": "neovim-telescope-file-browser",
        "neovim-trouble-nvim": "neovim-trouble-nvim",
        "nixpkgs": "nixpkgs",
        "nixpkgs-wayland": "nixpkgs-wayland",
        "utils": "utils"
      }
    },
    "rust-analyzer-src": {
      "flake": false,
      "locked": {
        "lastModified": 1642101527,
        "narHash": "sha256-C4zcaWULWlrirpEt/pA85CCMBt+7SWZweMaMJ7EvrXw=",
        "owner": "rust-analyzer",
        "repo": "rust-analyzer",
        "rev": "b4c31481a554d0132003228ba319bd9476fe85ae",
        "type": "github"
      },
      "original": {
        "owner": "rust-analyzer",
        "ref": "nightly",
        "repo": "rust-analyzer",
        "type": "github"
      }
    },
    "utils": {
      "inputs": {
        "flake-utils": "flake-utils"
      },
      "locked": {
        "lastModified": 1639385028,
        "narHash": "sha256-oqorKz3mwf7UuDJwlbCEYCB2LfcWLL0DkeCWhRIL820=",
        "owner": "gytis-ivaskevicius",
        "repo": "flake-utils-plus",
        "rev": "be1be083af014720c14f3b574f57b6173b4915d0",
        "type": "github"
      },
      "original": {
        "owner": "gytis-ivaskevicius",
        "repo": "flake-utils-plus",
        "type": "github"
      }
    }
  },
  "root": "root",
  "version": 7
}
