{
  "nodes": {
    "autopair": {
      "flake": false,
      "locked": {
        "lastModified": 1610912397,
        "narHash": "sha256-l6WJ2kjDO/TnU9FSigjxk5xFp90xl68gDfggkE/wrlM=",
        "owner": "jorgebucaran",
        "repo": "autopair.fish",
        "rev": "1222311994a0730e53d8e922a759eeda815fcb62",
        "type": "github"
      },
      "original": {
        "owner": "jorgebucaran",
        "repo": "autopair.fish",
        "type": "github"
      }
    },
    "autosave": {
      "flake": false,
      "locked": {
        "lastModified": 1639521160,
        "narHash": "sha256-1tAYnd4/hGgG2NG8n9hZi9zWM+v1OTh0YBlG8kEZeXI=",
        "owner": "Pocco81",
        "repo": "AutoSave.nvim",
        "rev": "3d342d6fcebeede15b6511b13a38a522c6f33bf8",
        "type": "github"
      },
      "original": {
        "owner": "Pocco81",
        "repo": "AutoSave.nvim",
        "type": "github"
      }
    },
    "cachix": {
      "locked": {
        "lastModified": 1655074553,
        "narHash": "sha256-Tp6I9qHxb0iPDGZ8PPfdowAJgxuEuK+vfi5WaXSYjt4=",
        "owner": "nixos",
        "repo": "nixpkgs",
        "rev": "2a9a64710a34334c1a3c82b7d73a3df634dcad7d",
        "type": "github"
      },
      "original": {
        "owner": "nixos",
        "ref": "nixos-21.11",
        "repo": "nixpkgs",
        "type": "github"
      }
    },
    "clangd-extensions-nvim": {
      "flake": false,
      "locked": {
        "lastModified": 1653965386,
        "narHash": "sha256-DcBrpkZDvj2SqmXCdctt+0q8pt8TPqo2rYM2e5eNqo4=",
        "owner": "p00f",
        "repo": "clangd_extensions.nvim",
        "rev": "81b56d41d8ab791509a8464b0afc54144be9f23d",
        "type": "github"
      },
      "original": {
        "owner": "p00f",
        "repo": "clangd_extensions.nvim",
        "type": "github"
      }
    },
    "coq-nvim": {
      "flake": false,
      "locked": {
        "lastModified": 1655081847,
        "narHash": "sha256-ivfCI+vtKMEVHwgS9N8oYqco28xJ6MhTHUu6YxJrjNQ=",
        "owner": "ms-jpq",
        "repo": "coq_nvim",
        "rev": "553fc3c09829fd872cd230aa70d5384de79f51b9",
        "type": "github"
      },
      "original": {
        "owner": "ms-jpq",
        "repo": "coq_nvim",
        "type": "github"
      }
    },
    "darwin": {
      "inputs": {
        "nixpkgs": [
          "nixpkgs"
        ]
      },
      "locked": {
        "lastModified": 1651916036,
        "narHash": "sha256-UuD9keUGm4IuVEV6wdSYbuRm7CwfXE63hVkzKDjVsh4=",
        "owner": "lnl7",
        "repo": "nix-darwin",
        "rev": "2f2bdf658d2b79bada78dc914af99c53cad37cba",
        "type": "github"
      },
      "original": {
        "owner": "lnl7",
        "ref": "master",
        "repo": "nix-darwin",
        "type": "github"
      }
    },
    "done": {
      "flake": false,
      "locked": {
        "lastModified": 1633849654,
        "narHash": "sha256-6oeyN9ngXWvps1c5QAUjlyPDQwRWAoxBiVTNmZ4sG8E=",
        "owner": "franciscolourenco",
        "repo": "done",
        "rev": "d6abb267bb3fb7e987a9352bc43dcdb67bac9f06",
        "type": "github"
      },
      "original": {
        "owner": "franciscolourenco",
        "repo": "done",
        "type": "github"
      }
    },
    "extra-neovim-plugins": {
      "inputs": {
        "autosave": "autosave",
        "clangd-extensions-nvim": "clangd-extensions-nvim",
        "coq-nvim": "coq-nvim",
        "harpoon": "harpoon",
        "hop-extensions": "hop-extensions",
        "lightspeed-nvim": "lightspeed-nvim",
        "lspsaga-nvim": "lspsaga-nvim",
        "lualine-nvim": "lualine-nvim",
        "mapx": "mapx",
        "neorg-telescope": "neorg-telescope",
        "neorg-trouble": "neorg-trouble",
        "nixpkgs": [
          "nixpkgs"
        ],
        "session-lens": "session-lens",
        "tabout": "tabout",
        "telescope-rg-nvim": "telescope-rg-nvim",
        "trouble-nvim": "trouble-nvim"
      },
      "locked": {
        "lastModified": 1,
        "narHash": "sha256-kLxkS+FJwH88hlGeSfeArgbfcCAzv7UDA7lY+loZlh8=",
        "path": "./flakes/extra-neovim-plugins",
        "type": "path"
      },
      "original": {
        "path": "./flakes/extra-neovim-plugins",
        "type": "path"
      }
    },
    "fenix": {
      "inputs": {
        "nixpkgs": [
          "nixpkgs"
        ],
        "rust-analyzer-src": "rust-analyzer-src"
      },
      "locked": {
        "lastModified": 1655101707,
        "narHash": "sha256-FGpLyApAr9d7kOpEGZa56Cv6BVsZmrOY963OK2t4HDs=",
        "owner": "nix-community",
        "repo": "fenix",
        "rev": "f90a687d4f8a29ed1774f482a5fc9d8409687a43",
        "type": "github"
      },
      "original": {
        "owner": "nix-community",
        "repo": "fenix",
        "type": "github"
      }
    },
    "fish-plugins": {
      "inputs": {
        "autopair": "autopair",
        "done": "done",
        "forgit": "forgit",
        "fzf-fish": "fzf-fish",
        "replay": "replay",
        "sponge": "sponge",
        "tide": "tide",
        "z": "z"
      },
      "locked": {
        "lastModified": 1,
        "narHash": "sha256-my7tpTK/20gwudLnYg87Ug/QDSUnDeAk82lg1yx6NwY=",
        "path": "./flakes/fish-plugins",
        "type": "path"
      },
      "original": {
        "path": "./flakes/fish-plugins",
        "type": "path"
      }
    },
    "flake-compat": {
      "flake": false,
      "locked": {
        "lastModified": 1650374568,
        "narHash": "sha256-Z+s0J8/r907g149rllvwhb4pKi8Wam5ij0st8PwAh+E=",
        "owner": "edolstra",
        "repo": "flake-compat",
        "rev": "b4a34015c698c7793d592d66adbab377907a2be8",
        "type": "github"
      },
      "original": {
        "owner": "edolstra",
        "repo": "flake-compat",
        "type": "github"
      }
    },
    "flake-compat_2": {
      "flake": false,
      "locked": {
        "lastModified": 1650374568,
        "narHash": "sha256-Z+s0J8/r907g149rllvwhb4pKi8Wam5ij0st8PwAh+E=",
        "owner": "edolstra",
        "repo": "flake-compat",
        "rev": "b4a34015c698c7793d592d66adbab377907a2be8",
        "type": "github"
      },
      "original": {
        "owner": "edolstra",
        "repo": "flake-compat",
        "type": "github"
      }
    },
    "flake-utils": {
      "locked": {
        "lastModified": 1653893745,
        "narHash": "sha256-0jntwV3Z8//YwuOjzhV2sgJJPt+HY6KhU7VZUL0fKZQ=",
        "owner": "numtide",
        "repo": "flake-utils",
        "rev": "1ed9fb1935d260de5fe1c2f7ee0ebaae17ed2fa1",
        "type": "github"
      },
      "original": {
        "owner": "numtide",
        "repo": "flake-utils",
        "type": "github"
      }
    },
    "flake-utils_2": {
      "locked": {
        "lastModified": 1644229661,
        "narHash": "sha256-1YdnJAsNy69bpcjuoKdOYQX0YxZBiCYZo4Twxerqv7k=",
        "owner": "numtide",
        "repo": "flake-utils",
        "rev": "3cecb5b042f7f209c56ffd8371b2711a290ec797",
        "type": "github"
      },
      "original": {
        "owner": "numtide",
        "repo": "flake-utils",
        "type": "github"
      }
    },
    "forgit": {
      "flake": false,
      "locked": {
        "lastModified": 1653782663,
        "narHash": "sha256-sWWv9UJR1K8Q5ZTcU7xjJtk8hTRXywVjSL2gQ5Kqj0M=",
        "owner": "wfxr",
        "repo": "forgit",
        "rev": "6385f85360b6fe0a1ac19cd5ce595b4f3921a2a7",
        "type": "github"
      },
      "original": {
        "owner": "wfxr",
        "repo": "forgit",
        "type": "github"
      }
    },
    "fzf-fish": {
      "flake": false,
      "locked": {
        "lastModified": 1655096569,
        "narHash": "sha256-0rnd8oJzLw8x/U7OLqoOMQpK81gRc7DTxZRSHxN9YlM=",
        "owner": "PatrickF1",
        "repo": "fzf.fish",
        "rev": "6d8e962f3ed84e42583cec1ec4861d4f0e6c4eb3",
        "type": "github"
      },
      "original": {
        "owner": "PatrickF1",
        "repo": "fzf.fish",
        "type": "github"
      }
    },
    "harpoon": {
      "flake": false,
      "locked": {
        "lastModified": 1651975323,
        "narHash": "sha256-/6wfXS0YD37XPRraYGjVYNQ9b5Lxb+x3hY9QSt4jgW0=",
        "owner": "ThePrimeagen",
        "repo": "harpoon",
        "rev": "d3d3d22b6207f46f8ca64946f4d781e975aec0fc",
        "type": "github"
      },
      "original": {
        "owner": "ThePrimeagen",
        "repo": "harpoon",
        "type": "github"
      }
    },
    "hm": {
      "inputs": {
        "flake-compat": "flake-compat",
        "nixpkgs": [
          "nixpkgs"
        ],
        "nmd": "nmd",
        "nmt": "nmt",
        "utils": "utils"
      },
      "locked": {
        "lastModified": 1654628474,
        "narHash": "sha256-Llm9X8Af15uC9IMStxqjCfO15WgYTqTnsQq8wMcpp5Q=",
        "owner": "nix-community",
        "repo": "home-manager",
        "rev": "70824bb5c790b820b189f62f643f795b1d2ade2e",
        "type": "github"
      },
      "original": {
        "owner": "nix-community",
        "repo": "home-manager",
        "type": "github"
      }
    },
    "hop-extensions": {
      "flake": false,
      "locked": {
        "lastModified": 1642487863,
        "narHash": "sha256-wp85nH9m/7Pp2lNzHt8eWacyZGUubnIc/Am2fREnj5Y=",
        "owner": "IndianBoy42",
        "repo": "hop-extensions",
        "rev": "47d72462803b3cc19758c36afef8325e957f5c53",
        "type": "github"
      },
      "original": {
        "owner": "IndianBoy42",
        "repo": "hop-extensions",
        "type": "github"
      }
    },
    "lib-aggregate": {
      "inputs": {
        "flake-utils": "flake-utils",
        "nixpkgs-lib": "nixpkgs-lib"
      },
      "locked": {
        "lastModified": 1655035706,
        "narHash": "sha256-8fvpBNDPmg8fszlXL75LDBK1f2tlMMSqmlpo/5A0CQM=",
        "owner": "nix-community",
        "repo": "lib-aggregate",
        "rev": "e0059f35f3727b94ea833489fd40d9e666f8da79",
        "type": "github"
      },
      "original": {
        "owner": "nix-community",
        "repo": "lib-aggregate",
        "type": "github"
      }
    },
    "lightspeed-nvim": {
      "flake": false,
      "locked": {
        "lastModified": 1645185942,
        "narHash": "sha256-jwf0FKg3TijFPsPaTnTL4Ko7hmm+oLuVXw2qikWwuEg=",
        "owner": "ggandor",
        "repo": "lightspeed.nvim",
        "rev": "4d8359a30b26ee5316d0e7c79af08b10cb17a57b",
        "type": "github"
      },
      "original": {
        "owner": "ggandor",
        "repo": "lightspeed.nvim",
        "rev": "4d8359a30b26ee5316d0e7c79af08b10cb17a57b",
        "type": "github"
      }
    },
    "lspsaga-nvim": {
      "flake": false,
      "locked": {
        "lastModified": 1654178217,
        "narHash": "sha256-Z/2Zacj6EoRDs11seGUbp+LXhzDImmrfz72Mkhf0w8Y=",
        "owner": "tami5",
        "repo": "lspsaga.nvim",
        "rev": "e4beaeff66ae4f70d0b67fe045b70d78780bb947",
        "type": "github"
      },
      "original": {
        "owner": "tami5",
        "repo": "lspsaga.nvim",
        "type": "github"
      }
    },
    "lualine-nvim": {
      "flake": false,
      "locked": {
        "lastModified": 1653920738,
        "narHash": "sha256-W8/O76Y/zDuGD9iGsRz7eBNevVe7NBpZcwtyC/+B010=",
        "owner": "nvim-lualine",
        "repo": "lualine.nvim",
        "rev": "3362b28f917acc37538b1047f187ff1b5645ecdd",
        "type": "github"
      },
      "original": {
        "owner": "nvim-lualine",
        "repo": "lualine.nvim",
        "type": "github"
      }
    },
    "mapx": {
      "flake": false,
      "locked": {
        "lastModified": 1645662810,
        "narHash": "sha256-EwBbdO0A9fAt1une+QNjyAWk0NHZOqivY6GnACvkCUk=",
        "owner": "b0o",
        "repo": "mapx.nvim",
        "rev": "c3dd43474a5fc2f266309bc04a69b74eb2524671",
        "type": "github"
      },
      "original": {
        "owner": "b0o",
        "repo": "mapx.nvim",
        "type": "github"
      }
    },
    "neorg-telescope": {
      "flake": false,
      "locked": {
        "lastModified": 1652854631,
        "narHash": "sha256-DzdmTQBNMJpp2Pnjy32a7AJrST+GLb0Hy5+tTjd8a5Q=",
        "owner": "nvim-neorg",
        "repo": "neorg-telescope",
        "rev": "b61ff59c7008fabe0ead42adb1a1498aec2b6fe1",
        "type": "github"
      },
      "original": {
        "owner": "nvim-neorg",
        "repo": "neorg-telescope",
        "type": "github"
      }
    },
    "neorg-trouble": {
      "flake": false,
      "locked": {
        "lastModified": 1636318297,
        "narHash": "sha256-lnJN5c4JaMRvhvzNRGz16zEnZZVS/BWsPjp1E1uVMIA=",
        "owner": "quantum-booty",
        "repo": "neorg-trouble",
        "rev": "b7566974961ecbe36d563e6ae32d98daa61b782c",
        "type": "github"
      },
      "original": {
        "owner": "quantum-booty",
        "repo": "neorg-trouble",
        "type": "github"
      }
    },
    "nixpkgs": {
      "locked": {
        "lastModified": 1655043425,
        "narHash": "sha256-A+oT+aQGhW5lXy8H0cqBLsYtgcnT5glmGOXWQDcGw6I=",
        "owner": "NixOS",
        "repo": "nixpkgs",
        "rev": "914ef51ffa88d9b386c71bdc88bffc5273c08ada",
        "type": "github"
      },
      "original": {
        "id": "nixpkgs",
        "ref": "nixos-unstable",
        "type": "indirect"
      }
    },
    "nixpkgs-lib": {
      "locked": {
        "lastModified": 1654995002,
        "narHash": "sha256-yOLQjbMusB0FooWSl7P9YQzoopez3doLAkeNQAEVaGk=",
        "owner": "nix-community",
        "repo": "nixpkgs.lib",
        "rev": "8f09bff20b363b80213186156168126674990368",
        "type": "github"
      },
      "original": {
        "owner": "nix-community",
        "repo": "nixpkgs.lib",
        "type": "github"
      }
    },
    "nixpkgs-wayland": {
      "inputs": {
        "cachix": "cachix",
        "flake-compat": "flake-compat_2",
        "lib-aggregate": "lib-aggregate",
        "nixpkgs": [
          "nixpkgs"
        ]
      },
      "locked": {
        "lastModified": 1655131425,
        "narHash": "sha256-2rntFWGv+m7SID7d4g4mD661HO1VklkejCUt2yVi4oo=",
        "owner": "nix-community",
        "repo": "nixpkgs-wayland",
        "rev": "8bab7fc4ef8927cc9b5cca43d457f2d74e94e2ef",
        "type": "github"
      },
      "original": {
        "owner": "nix-community",
        "repo": "nixpkgs-wayland",
        "type": "github"
      }
    },
    "nmd": {
      "flake": false,
      "locked": {
        "lastModified": 1653339422,
        "narHash": "sha256-8nc7lcYOgih3YEmRMlBwZaLLJYpLPYKBlewqHqx8ieg=",
        "owner": "rycee",
        "repo": "nmd",
        "rev": "9e7a20e6ee3f6751f699f79c0b299390f81f7bcd",
        "type": "gitlab"
      },
      "original": {
        "owner": "rycee",
        "repo": "nmd",
        "type": "gitlab"
      }
    },
    "nmt": {
      "flake": false,
      "locked": {
        "lastModified": 1648075362,
        "narHash": "sha256-u36WgzoA84dMVsGXzml4wZ5ckGgfnvS0ryzo/3zn/Pc=",
        "owner": "rycee",
        "repo": "nmt",
        "rev": "d83601002c99b78c89ea80e5e6ba21addcfe12ae",
        "type": "gitlab"
      },
      "original": {
        "owner": "rycee",
        "repo": "nmt",
        "type": "gitlab"
      }
    },
    "replay": {
      "flake": false,
      "locked": {
        "lastModified": 1645710882,
        "narHash": "sha256-ovxpzHC9coRtm/v3rQlPlX1NEe22+WLA7HpnfqtUJU8=",
        "owner": "jorgebucaran",
        "repo": "replay.fish",
        "rev": "a2eef7319adb1c5cd00a4454bb29a9e072d51a53",
        "type": "github"
      },
      "original": {
        "owner": "jorgebucaran",
        "repo": "replay.fish",
        "type": "github"
      }
    },
    "root": {
      "inputs": {
        "darwin": "darwin",
        "extra-neovim-plugins": "extra-neovim-plugins",
        "fenix": "fenix",
        "fish-plugins": "fish-plugins",
        "hm": "hm",
        "nixpkgs": "nixpkgs",
        "nixpkgs-wayland": "nixpkgs-wayland",
        "utils": "utils_2"
      }
    },
    "rust-analyzer-src": {
      "flake": false,
      "locked": {
        "lastModified": 1655055355,
        "narHash": "sha256-IArOOdvfz+864Rs7fgHolfYfcjYTlvWebeEsJgnfyqI=",
        "owner": "rust-lang",
        "repo": "rust-analyzer",
        "rev": "366bd7242ed00c65f293497a26eb81c7510ac682",
        "type": "github"
      },
      "original": {
        "owner": "rust-lang",
        "ref": "nightly",
        "repo": "rust-analyzer",
        "type": "github"
      }
    },
    "session-lens": {
      "flake": false,
      "locked": {
        "lastModified": 1646422492,
        "narHash": "sha256-i8hZstyyNpXwTLrIAleiGbQwcb+RfQepdmlq2pJlzs8=",
        "owner": "rmagatti",
        "repo": "session-lens",
        "rev": "b88c264ab4010aa5ff25d3aa366f76b6338a4783",
        "type": "github"
      },
      "original": {
        "owner": "rmagatti",
        "repo": "session-lens",
        "type": "github"
      }
    },
    "sponge": {
      "flake": false,
      "locked": {
        "lastModified": 1642631829,
        "narHash": "sha256-EUT9Bf+OD+cCNLfJqVog4kSXSNfuT5Db/+ejwsRBUW8=",
        "owner": "andreiborisov",
        "repo": "sponge",
        "rev": "0f3bf8f10b81b25d2b3bbb3d6ec86f77408c0908",
        "type": "github"
      },
      "original": {
        "owner": "andreiborisov",
        "repo": "sponge",
        "type": "github"
      }
    },
    "tabout": {
      "flake": false,
      "locked": {
        "lastModified": 1651923748,
        "narHash": "sha256-wB9HIS0HW1DExgQ/is8/ejpH9FVYfH4UpS9HA6pgYK4=",
        "owner": "abecodes",
        "repo": "tabout.nvim",
        "rev": "be655cc7ce0f5d6d24eeaf8b36e82693fd2facca",
        "type": "github"
      },
      "original": {
        "owner": "abecodes",
        "repo": "tabout.nvim",
        "type": "github"
      }
    },
    "telescope-rg-nvim": {
      "flake": false,
      "locked": {
        "lastModified": 1654595576,
        "narHash": "sha256-hHTaCGVJfW8SUYpIbzOmjk/uVyoVPr4TF9G0aw+lUjE=",
        "owner": "nvim-telescope",
        "repo": "telescope-rg.nvim",
        "rev": "77d53b25ef6eb080845b1dac8337cac0be6b9114",
        "type": "github"
      },
      "original": {
        "owner": "nvim-telescope",
        "repo": "telescope-rg.nvim",
        "type": "github"
      }
    },
    "tide": {
      "flake": false,
      "locked": {
        "lastModified": 1655074347,
        "narHash": "sha256-g8247oVZh/Vv8NqysdMPv6V9cSN5ot/LOcdhFluKk8c=",
        "owner": "IlanCosman",
        "repo": "tide",
        "rev": "9e534af201a4ce33a28f5c8a9e9513d66d9b9973",
        "type": "github"
      },
      "original": {
        "owner": "IlanCosman",
        "repo": "tide",
        "type": "github"
      }
    },
    "trouble-nvim": {
      "flake": false,
      "locked": {
        "lastModified": 1643865921,
        "narHash": "sha256-fHLzzvnbeZdVlFpYWv4/FprnFNqHM8u3pyhtwjrZ/QM=",
        "owner": "yelite",
        "repo": "trouble.nvim",
        "rev": "b87e860e29bc328ba030f7a10f51bdf35ae3b7f1",
        "type": "github"
      },
      "original": {
        "owner": "yelite",
        "repo": "trouble.nvim",
        "type": "github"
      }
    },
    "utils": {
      "locked": {
        "lastModified": 1653893745,
        "narHash": "sha256-0jntwV3Z8//YwuOjzhV2sgJJPt+HY6KhU7VZUL0fKZQ=",
        "owner": "numtide",
        "repo": "flake-utils",
        "rev": "1ed9fb1935d260de5fe1c2f7ee0ebaae17ed2fa1",
        "type": "github"
      },
      "original": {
        "owner": "numtide",
        "repo": "flake-utils",
        "type": "github"
      }
    },
    "utils_2": {
      "inputs": {
        "flake-utils": "flake-utils_2"
      },
      "locked": {
        "lastModified": 1647265934,
        "narHash": "sha256-wJlriS1a0fs4Sgyo6HVv177GvW5rc99jAgHR3FanJO0=",
        "owner": "gytis-ivaskevicius",
        "repo": "flake-utils-plus",
        "rev": "2a97a781cb3933585b3e4dd966c182e252fbe327",
        "type": "github"
      },
      "original": {
        "owner": "gytis-ivaskevicius",
        "ref": "pull/117/head",
        "repo": "flake-utils-plus",
        "type": "github"
      }
    },
    "z": {
      "flake": false,
      "locked": {
        "lastModified": 1649439817,
        "narHash": "sha256-+FUBM7CodtZrYKqU542fQD+ZDGrd2438trKM0tIESs0=",
        "owner": "jethrokuan",
        "repo": "z",
        "rev": "85f863f20f24faf675827fb00f3a4e15c7838d76",
        "type": "github"
      },
      "original": {
        "owner": "jethrokuan",
        "repo": "z",
        "type": "github"
      }
    }
  },
  "root": "root",
  "version": 7
}
