{
  "nodes": {
    "autosave": {
      "flake": false,
      "locked": {
        "lastModified": 1667329943,
        "narHash": "sha256-bWGil73YiCKZEaY7IuUOIU4Q7k7qCMjSeQ4I+cAVe44=",
        "owner": "Pocco81",
        "repo": "AutoSave.nvim",
        "rev": "979b6c82f60cfa80f4cf437d77446d0ded0addf0",
        "type": "github"
      },
      "original": {
        "owner": "Pocco81",
        "repo": "AutoSave.nvim",
        "type": "github"
      }
    },
    "avante-nvim": {
      "flake": false,
      "locked": {
        "lastModified": 1749357437,
        "narHash": "sha256-jyfklcSoSlnZ1VKQXqfolfQMdWkbFZ9YeObUdD+WLlI=",
        "owner": "yelite",
        "repo": "avante.nvim",
        "rev": "04c1162e793fecc52cf0f0ad1c45aac4a423e2e5",
        "type": "github"
      },
      "original": {
        "owner": "yelite",
        "ref": "my",
        "repo": "avante.nvim",
        "type": "github"
      }
    },
    "blink-cmp-avante": {
      "flake": false,
      "locked": {
        "lastModified": 1753324560,
        "narHash": "sha256-tozXOgP0dzIFd3a6mjGehUdytqerkWdfOo89CEVC/Rk=",
        "owner": "Kaiser-Yang",
        "repo": "blink-cmp-avante",
        "rev": "4f494c6e124acbe31a8f5d58effa0c14aa38a6d5",
        "type": "github"
      },
      "original": {
        "owner": "Kaiser-Yang",
        "repo": "blink-cmp-avante",
        "type": "github"
      }
    },
    "blink-copilot": {
      "flake": false,
      "locked": {
        "lastModified": 1745468784,
        "narHash": "sha256-7P4CUg4ryfQnrc15/4dCMYEDP0u+L2QrI/GPI/r1/zM=",
        "owner": "fang2hou",
        "repo": "blink-copilot",
        "rev": "bdc45bbbed2ec252b3a29f4adecf031e157b5573",
        "type": "github"
      },
      "original": {
        "owner": "fang2hou",
        "repo": "blink-copilot",
        "type": "github"
      }
    },
    "copilot-status-nvim": {
      "flake": false,
      "locked": {
        "lastModified": 1745997834,
        "narHash": "sha256-gfrNX9OnS6RdQoEtOlTwforaxSxrMnM4icaRxeXubo4=",
        "owner": "jonahgoldwastaken",
        "repo": "copilot-status.nvim",
        "rev": "272de1a830506a5838f249293376f2e9fe64a359",
        "type": "github"
      },
      "original": {
        "owner": "jonahgoldwastaken",
        "repo": "copilot-status.nvim",
        "type": "github"
      }
    },
    "gitlinker-nvim": {
      "flake": false,
      "locked": {
        "lastModified": 1741049669,
        "narHash": "sha256-EO9Ol/TQ2b5x9uVtZ2sNgPdU5pMAwx+PWPd37dt9488=",
        "owner": "linrongbin16",
        "repo": "gitlinker.nvim",
        "rev": "23982c86f50a9c3f4bc531d41b7a4a68ddd12355",
        "type": "github"
      },
      "original": {
        "owner": "linrongbin16",
        "repo": "gitlinker.nvim",
        "type": "github"
      }
    },
    "guihua": {
      "flake": false,
      "locked": {
        "lastModified": 1747619705,
        "narHash": "sha256-R/ckeCwzWixvL7q2+brvqcvfSK9Mx8pu6zOFgh2lde4=",
        "owner": "ray-x",
        "repo": "guihua.lua",
        "rev": "87bea7b98429405caf2a0ce4d029b027bb017c70",
        "type": "github"
      },
      "original": {
        "owner": "ray-x",
        "repo": "guihua.lua",
        "type": "github"
      }
    },
    "hlchunk-nvim": {
      "flake": false,
      "locked": {
        "lastModified": 1746491539,
        "narHash": "sha256-zXWMwUNvofGNjLVYK/pPW7b062zP/yqUMk6lj3zgZqs=",
        "owner": "shellRaining",
        "repo": "hlchunk.nvim",
        "rev": "474ec5d0f220158afa83aaefab32402e710d3032",
        "type": "github"
      },
      "original": {
        "owner": "shellRaining",
        "repo": "hlchunk.nvim",
        "type": "github"
      }
    },
    "lazydev-nvim": {
      "flake": false,
      "locked": {
        "lastModified": 1740044730,
        "narHash": "sha256-LoxziiV9jlHuU4vRVFfKtVLI45ouJcuyXC6DIyQKlew=",
        "owner": "folke",
        "repo": "lazydev.nvim",
        "rev": "2367a6c0a01eb9edb0464731cc0fb61ed9ab9d2c",
        "type": "github"
      },
      "original": {
        "owner": "folke",
        "repo": "lazydev.nvim",
        "type": "github"
      }
    },
    "nixpkgs": {
      "locked": {
        "lastModified": 1753250450,
        "narHash": "sha256-i+CQV2rPmP8wHxj0aq4siYyohHwVlsh40kV89f3nw1s=",
        "owner": "NixOS",
        "repo": "nixpkgs",
        "rev": "fc02ee70efb805d3b2865908a13ddd4474557ecf",
        "type": "github"
      },
      "original": {
        "id": "nixpkgs",
        "ref": "nixos-unstable",
        "type": "indirect"
      }
    },
    "nvim-lsp-endhints": {
      "flake": false,
      "locked": {
        "lastModified": 1750099890,
        "narHash": "sha256-ZssCVWm7/4U7oAsEXB1JgLoSzcdAjXsO2wEDyS40/SQ=",
        "owner": "chrisgrieser",
        "repo": "nvim-lsp-endhints",
        "rev": "7917c7af1ec345ca9b33e8dbcd3723fc15d023c0",
        "type": "github"
      },
      "original": {
        "owner": "chrisgrieser",
        "repo": "nvim-lsp-endhints",
        "type": "github"
      }
    },
    "pets-nvim": {
      "flake": false,
      "locked": {
        "lastModified": 1721891009,
        "narHash": "sha256-Dslrf6aw16Q4lKrQ/OAOOrS9oC6OMlB49BadAqzBcOY=",
        "owner": "giusgad",
        "repo": "pets.nvim",
        "rev": "8a443e2eae804e5abe21b5d00ceaef4041f882e4",
        "type": "github"
      },
      "original": {
        "owner": "giusgad",
        "repo": "pets.nvim",
        "type": "github"
      }
    },
    "possession-nvim": {
      "flake": false,
      "locked": {
        "lastModified": 1743970536,
        "narHash": "sha256-RJ+6qWBLJDhLqkjuV/ESescWUvmEWkVN9QnBLiLVpbs=",
        "owner": "jedrzejboczar",
        "repo": "possession.nvim",
        "rev": "8fb21fabae4e5ffd98386e1b11e9d9d429633bdf",
        "type": "github"
      },
      "original": {
        "owner": "jedrzejboczar",
        "repo": "possession.nvim",
        "type": "github"
      }
    },
    "root": {
      "inputs": {
        "autosave": "autosave",
        "avante-nvim": "avante-nvim",
        "blink-cmp-avante": "blink-cmp-avante",
        "blink-copilot": "blink-copilot",
        "copilot-status-nvim": "copilot-status-nvim",
        "gitlinker-nvim": "gitlinker-nvim",
        "guihua": "guihua",
        "hlchunk-nvim": "hlchunk-nvim",
        "lazydev-nvim": "lazydev-nvim",
        "nixpkgs": "nixpkgs",
        "nvim-lsp-endhints": "nvim-lsp-endhints",
        "pets-nvim": "pets-nvim",
        "possession-nvim": "possession-nvim",
        "smart-open-nvim": "smart-open-nvim",
        "telescope-alternate": "telescope-alternate"
      }
    },
    "smart-open-nvim": {
      "flake": false,
      "locked": {
        "lastModified": 1748444767,
        "narHash": "sha256-usLu/18JRLveeOllxiqc607SZCvJWg9Gw8uJzZVbohg=",
        "owner": "danielfalk",
        "repo": "smart-open.nvim",
        "rev": "f079c3201a0a62b1582563bd5ce4256c253634d4",
        "type": "github"
      },
      "original": {
        "owner": "danielfalk",
        "repo": "smart-open.nvim",
        "type": "github"
      }
    },
    "telescope-alternate": {
      "flake": false,
      "locked": {
        "lastModified": 1751749107,
        "narHash": "sha256-1RKL4vB0VQXDgGbv4Zt8e5HvptByrzBFzow4lvVli2E=",
        "owner": "otavioschwanck",
        "repo": "telescope-alternate",
        "rev": "9d1fa85b1585b5709b5e84a67463cb93c498a95e",
        "type": "github"
      },
      "original": {
        "owner": "otavioschwanck",
        "repo": "telescope-alternate",
        "type": "github"
      }
    }
  },
  "root": "root",
  "version": 7
}
