{
  "nodes": {
    "autosave": {
      "flake": false,
      "locked": {
        "lastModified": 1667329943,
        "narHash": "sha256-bWGil73YiCKZEaY7IuUOIU4Q7k7qCMjSeQ4I+cAVe44=",
        "owner": "Pocco81",
        "repo": "AutoSave.nvim",
        "rev": "979b6c82f60cfa80f4cf437d77446d0ded0addf0",
        "type": "github"
      },
      "original": {
        "owner": "Pocco81",
        "repo": "AutoSave.nvim",
        "type": "github"
      }
    },
    "copilot-status-nvim": {
      "flake": false,
      "locked": {
        "lastModified": 1704580084,
        "narHash": "sha256-jJqbMuTjTN2n7s2iXAoxJDKiRCFkBdpJEHap5KphKbM=",
        "owner": "jonahgoldwastaken",
        "repo": "copilot-status.nvim",
        "rev": "decbffa57732f3d257641aea1d5541dd4fe536f6",
        "type": "github"
      },
      "original": {
        "owner": "jonahgoldwastaken",
        "repo": "copilot-status.nvim",
        "type": "github"
      }
    },
    "gitlinker-nvim": {
      "flake": false,
      "locked": {
        "lastModified": 1741049669,
        "narHash": "sha256-EO9Ol/TQ2b5x9uVtZ2sNgPdU5pMAwx+PWPd37dt9488=",
        "owner": "linrongbin16",
        "repo": "gitlinker.nvim",
        "rev": "23982c86f50a9c3f4bc531d41b7a4a68ddd12355",
        "type": "github"
      },
      "original": {
        "owner": "linrongbin16",
        "repo": "gitlinker.nvim",
        "type": "github"
      }
    },
    "guihua": {
      "flake": false,
      "locked": {
        "lastModified": 1744880427,
        "narHash": "sha256-51+C0jnUje1KrzL4VioyeybufyxyrgpLXDl2dxpnCiA=",
        "owner": "ray-x",
        "repo": "guihua.lua",
        "rev": "3bce83823fe59fe438b0484777e56250153aaebf",
        "type": "github"
      },
      "original": {
        "owner": "ray-x",
        "repo": "guihua.lua",
        "type": "github"
      }
    },
    "hlchunk-nvim": {
      "flake": false,
      "locked": {
        "lastModified": 1743843422,
        "narHash": "sha256-d4bGGQ27Tc5fJ6lzmL5nd/+TSWWWE1xJ707Pz+wcY3o=",
        "owner": "shellRaining",
        "repo": "hlchunk.nvim",
        "rev": "19bf4090ab8619fffe07b73a4f92348324f35c98",
        "type": "github"
      },
      "original": {
        "owner": "shellRaining",
        "repo": "hlchunk.nvim",
        "type": "github"
      }
    },
    "lazydev-nvim": {
      "flake": false,
      "locked": {
        "lastModified": 1740044730,
        "narHash": "sha256-LoxziiV9jlHuU4vRVFfKtVLI45ouJcuyXC6DIyQKlew=",
        "owner": "folke",
        "repo": "lazydev.nvim",
        "rev": "2367a6c0a01eb9edb0464731cc0fb61ed9ab9d2c",
        "type": "github"
      },
      "original": {
        "owner": "folke",
        "repo": "lazydev.nvim",
        "type": "github"
      }
    },
    "nixpkgs": {
      "locked": {
        "lastModified": 1744463964,
        "narHash": "sha256-LWqduOgLHCFxiTNYi3Uj5Lgz0SR+Xhw3kr/3Xd0GPTM=",
        "owner": "NixOS",
        "repo": "nixpkgs",
        "rev": "2631b0b7abcea6e640ce31cd78ea58910d31e650",
        "type": "github"
      },
      "original": {
        "id": "nixpkgs",
        "ref": "nixos-unstable",
        "type": "indirect"
      }
    },
    "nvim-lsp-endhints": {
      "flake": false,
      "locked": {
        "lastModified": 1744889511,
        "narHash": "sha256-2VCZskYIm1WuSYpIjendfZ/rcd4ouI8jAf7AsC8Q+zQ=",
        "owner": "chrisgrieser",
        "repo": "nvim-lsp-endhints",
        "rev": "5e46e51f60fd9c0a3564a1f0b640fc30da57b3a7",
        "type": "github"
      },
      "original": {
        "owner": "chrisgrieser",
        "repo": "nvim-lsp-endhints",
        "type": "github"
      }
    },
    "pets-nvim": {
      "flake": false,
      "locked": {
        "lastModified": 1721891009,
        "narHash": "sha256-Dslrf6aw16Q4lKrQ/OAOOrS9oC6OMlB49BadAqzBcOY=",
        "owner": "giusgad",
        "repo": "pets.nvim",
        "rev": "8a443e2eae804e5abe21b5d00ceaef4041f882e4",
        "type": "github"
      },
      "original": {
        "owner": "giusgad",
        "repo": "pets.nvim",
        "type": "github"
      }
    },
    "possession-nvim": {
      "flake": false,
      "locked": {
        "lastModified": 1743970536,
        "narHash": "sha256-RJ+6qWBLJDhLqkjuV/ESescWUvmEWkVN9QnBLiLVpbs=",
        "owner": "jedrzejboczar",
        "repo": "possession.nvim",
        "rev": "8fb21fabae4e5ffd98386e1b11e9d9d429633bdf",
        "type": "github"
      },
      "original": {
        "owner": "jedrzejboczar",
        "repo": "possession.nvim",
        "type": "github"
      }
    },
    "root": {
      "inputs": {
        "autosave": "autosave",
        "copilot-status-nvim": "copilot-status-nvim",
        "gitlinker-nvim": "gitlinker-nvim",
        "guihua": "guihua",
        "hlchunk-nvim": "hlchunk-nvim",
        "lazydev-nvim": "lazydev-nvim",
        "nixpkgs": "nixpkgs",
        "nvim-lsp-endhints": "nvim-lsp-endhints",
        "pets-nvim": "pets-nvim",
        "possession-nvim": "possession-nvim",
        "smart-open-nvim": "smart-open-nvim",
        "telescope-alternate": "telescope-alternate"
      }
    },
    "smart-open-nvim": {
      "flake": false,
      "locked": {
        "lastModified": 1725236160,
        "narHash": "sha256-xWqD6QZBS3J/XwxljDbE2P0sT1te5PrIAEIYx8tUDdk=",
        "owner": "yelite",
        "repo": "smart-open.nvim",
        "rev": "e0da853db80b54d899bac8ebea9d45bac3713212",
        "type": "github"
      },
      "original": {
        "owner": "yelite",
        "ref": "nix-index-file",
        "repo": "smart-open.nvim",
        "type": "github"
      }
    },
    "telescope-alternate": {
      "flake": false,
      "locked": {
        "lastModified": 1713211208,
        "narHash": "sha256-oit93iNRGlQhKAgsy0JgaJLkf+1miDhi3XjzE39gx7g=",
        "owner": "otavioschwanck",
        "repo": "telescope-alternate",
        "rev": "2efa87d99122ee1abe8ada1a50304180a1802c34",
        "type": "github"
      },
      "original": {
        "owner": "otavioschwanck",
        "repo": "telescope-alternate",
        "type": "github"
      }
    }
  },
  "root": "root",
  "version": 7
}
