{
  "nodes": {
    "autopair": {
      "flake": false,
      "locked": {
        "lastModified": 1656950411,
        "narHash": "sha256-qt3t1iKRRNuiLWiVoiAYOu+9E7jsyECyIqZJ/oRIT1A=",
        "owner": "jorgebucaran",
        "repo": "autopair.fish",
        "rev": "4d1752ff5b39819ab58d7337c69220342e9de0e2",
        "type": "github"
      },
      "original": {
        "owner": "jorgebucaran",
        "repo": "autopair.fish",
        "type": "github"
      }
    },
    "done": {
      "flake": false,
      "locked": {
        "lastModified": 1747320793,
        "narHash": "sha256-WA6DBrPBuXRIloO05UBunTJ9N01d6tO1K1uqojjO0mo=",
        "owner": "franciscolourenco",
        "repo": "done",
        "rev": "0bfe402753681f705a482694fcaf20c2bfc6deb7",
        "type": "github"
      },
      "original": {
        "owner": "franciscolourenco",
        "repo": "done",
        "type": "github"
      }
    },
    "forgit": {
      "flake": false,
      "locked": {
        "lastModified": 1764239312,
        "narHash": "sha256-DN2QUxCVVjYn7b4xt/7+k5g1/7dfZ+cp5Yi0nJWh1mM=",
        "owner": "wfxr",
        "repo": "forgit",
        "rev": "582a64ea36a3cf1b84e33e957f527e8092597c1e",
        "type": "github"
      },
      "original": {
        "owner": "wfxr",
        "repo": "forgit",
        "type": "github"
      }
    },
    "fzf-fish": {
      "flake": false,
      "locked": {
        "lastModified": 1712464035,
        "narHash": "sha256-T8KYLA/r/gOKvAivKRoeqIwE2pINlxFQtZJHpOy9GMM=",
        "owner": "PatrickF1",
        "repo": "fzf.fish",
        "rev": "8920367cf85eee5218cc25a11e209d46e2591e7a",
        "type": "github"
      },
      "original": {
        "owner": "PatrickF1",
        "repo": "fzf.fish",
        "type": "github"
      }
    },
    "replay": {
      "flake": false,
      "locked": {
        "lastModified": 1719805987,
        "narHash": "sha256-TzQ97h9tBRUg+A7DSKeTBWLQuThicbu19DHMwkmUXdg=",
        "owner": "jorgebucaran",
        "repo": "replay.fish",
        "rev": "d2ecacd3fe7126e822ce8918389f3ad93b14c86c",
        "type": "github"
      },
      "original": {
        "owner": "jorgebucaran",
        "repo": "replay.fish",
        "type": "github"
      }
    },
    "root": {
      "inputs": {
        "autopair": "autopair",
        "done": "done",
        "forgit": "forgit",
        "fzf-fish": "fzf-fish",
        "replay": "replay",
        "sponge": "sponge",
        "z": "z"
      }
    },
    "sponge": {
      "flake": false,
      "locked": {
        "lastModified": 1664918422,
        "narHash": "sha256-MdcZUDRtNJdiyo2l9o5ma7nAX84xEJbGFhAVhK+Zm1w=",
        "owner": "andreiborisov",
        "repo": "sponge",
        "rev": "384299545104d5256648cee9d8b117aaa9a6d7be",
        "type": "github"
      },
      "original": {
        "owner": "andreiborisov",
        "repo": "sponge",
        "type": "github"
      }
    },
    "z": {
      "flake": false,
      "locked": {
        "lastModified": 1739459792,
        "narHash": "sha256-emmjTsqt8bdI5qpx1bAzhVACkg0MNB/uffaRjjeuFxU=",
        "owner": "jethrokuan",
        "repo": "z",
        "rev": "067e867debee59aee231e789fc4631f80fa5788e",
        "type": "github"
      },
      "original": {
        "owner": "jethrokuan",
        "repo": "z",
        "type": "github"
      }
    }
  },
  "root": "root",
  "version": 7
}
