{
  "nodes": {
    "autosave": {
      "flake": false,
      "locked": {
        "lastModified": 1667329943,
        "narHash": "sha256-bWGil73YiCKZEaY7IuUOIU4Q7k7qCMjSeQ4I+cAVe44=",
        "owner": "Pocco81",
        "repo": "AutoSave.nvim",
        "rev": "979b6c82f60cfa80f4cf437d77446d0ded0addf0",
        "type": "github"
      },
      "original": {
        "owner": "Pocco81",
        "repo": "AutoSave.nvim",
        "type": "github"
      }
    },
    "gitlinker-nvim": {
      "flake": false,
      "locked": {
        "lastModified": 1678318913,
        "narHash": "sha256-TdTcXe93JB89VzLr/uEm18dyUiaaE/dM19IYlM+PiKk=",
        "owner": "yelite",
        "repo": "gitlinker.nvim",
        "rev": "6976cef2c9ac746a8e621567d2e5e31799bc0d3b",
        "type": "github"
      },
      "original": {
        "owner": "yelite",
        "repo": "gitlinker.nvim",
        "type": "github"
      }
    },
    "hop-extensions": {
      "flake": false,
      "locked": {
        "lastModified": 1683213506,
        "narHash": "sha256-yA0Px9ERZwg5uQSO3Grz0+HT1LYKLLtgpX4glR8TeY0=",
        "owner": "IndianBoy42",
        "repo": "hop-extensions",
        "rev": "5f14d658efbfad76159b11db805fe3b51e34dd8d",
        "type": "github"
      },
      "original": {
        "owner": "IndianBoy42",
        "repo": "hop-extensions",
        "type": "github"
      }
    },
    "nixpkgs": {
      "locked": {
        "lastModified": 1711163522,
        "narHash": "sha256-YN/Ciidm+A0fmJPWlHBGvVkcarYWSC+s3NTPk/P+q3c=",
        "owner": "NixOS",
        "repo": "nixpkgs",
        "rev": "44d0940ea560dee511026a53f0e2e2cde489b4d4",
        "type": "github"
      },
      "original": {
        "id": "nixpkgs",
        "ref": "nixos-unstable",
        "type": "indirect"
      }
    },
    "nord-nvim": {
      "flake": false,
      "locked": {
        "lastModified": 1710949884,
        "narHash": "sha256-S6ah4fu3fVDWxOhll6v42kjsvo30USerHNXAl4thu/4=",
        "owner": "gbprod",
        "repo": "nord.nvim",
        "rev": "9896e4634b1ba99e7a532a568b3b66e3344ad0df",
        "type": "github"
      },
      "original": {
        "owner": "gbprod",
        "repo": "nord.nvim",
        "type": "github"
      }
    },
    "nvim-lsp-basic": {
      "flake": false,
      "locked": {
        "lastModified": 1652014098,
        "narHash": "sha256-pAEg9eoXXMl954mjA/8VmGCuyWgBXNk8CUZIdodVtvI=",
        "owner": "nanotee",
        "repo": "nvim-lsp-basics",
        "rev": "632714bd3ab355eb6e725b5a78cd8730f12d14d2",
        "type": "github"
      },
      "original": {
        "owner": "nanotee",
        "repo": "nvim-lsp-basics",
        "type": "github"
      }
    },
    "nvim-termfinder": {
      "flake": false,
      "locked": {
        "lastModified": 1666858512,
        "narHash": "sha256-9OvEQvMgDM2KqvGq4j6cwHXE060XDiyZEj5b5ouBohI=",
        "owner": "tknightz",
        "repo": "telescope-termfinder.nvim",
        "rev": "d639bfae1ff5e644700f20d208b2224648b573cf",
        "type": "github"
      },
      "original": {
        "owner": "tknightz",
        "repo": "telescope-termfinder.nvim",
        "type": "github"
      }
    },
    "pets-nvim": {
      "flake": false,
      "locked": {
        "lastModified": 1704285662,
        "narHash": "sha256-77+mDpI51L8jjyOGURzruDdXwkc855tc/Mv+CfnX2io=",
        "owner": "giusgad",
        "repo": "pets.nvim",
        "rev": "747eb5e54fe8b10f4c7ce2881637d1c17b04f229",
        "type": "github"
      },
      "original": {
        "owner": "giusgad",
        "repo": "pets.nvim",
        "type": "github"
      }
    },
    "possession-nvim": {
      "flake": false,
      "locked": {
        "lastModified": 1702250293,
        "narHash": "sha256-A32fL+dpLwNT4gA20vap5Ycm40HWMfc01a4FDQe+jQ4=",
        "owner": "jedrzejboczar",
        "repo": "possession.nvim",
        "rev": "4665ceec10991e040b7117582e62cc5edd3c964f",
        "type": "github"
      },
      "original": {
        "owner": "jedrzejboczar",
        "repo": "possession.nvim",
        "type": "github"
      }
    },
    "root": {
      "inputs": {
        "autosave": "autosave",
        "gitlinker-nvim": "gitlinker-nvim",
        "hop-extensions": "hop-extensions",
        "nixpkgs": "nixpkgs",
        "nord-nvim": "nord-nvim",
        "nvim-lsp-basic": "nvim-lsp-basic",
        "nvim-termfinder": "nvim-termfinder",
        "pets-nvim": "pets-nvim",
        "possession-nvim": "possession-nvim",
        "telescope-alternate": "telescope-alternate"
      }
    },
    "telescope-alternate": {
      "flake": false,
      "locked": {
        "lastModified": 1704360881,
        "narHash": "sha256-3+mUSYzAAn9XZ+98OdQob2lLNyL5Bh2o3zCn5DC1Gqo=",
        "owner": "otavioschwanck",
        "repo": "telescope-alternate",
        "rev": "89ca203921e4f9282f1e1b72d600077be87d3770",
        "type": "github"
      },
      "original": {
        "owner": "otavioschwanck",
        "repo": "telescope-alternate",
        "type": "github"
      }
    }
  },
  "root": "root",
  "version": 7
}
