{
  "nodes": {
    "autosave": {
      "flake": false,
      "locked": {
        "lastModified": 1667329943,
        "narHash": "sha256-bWGil73YiCKZEaY7IuUOIU4Q7k7qCMjSeQ4I+cAVe44=",
        "owner": "Pocco81",
        "repo": "AutoSave.nvim",
        "rev": "979b6c82f60cfa80f4cf437d77446d0ded0addf0",
        "type": "github"
      },
      "original": {
        "owner": "Pocco81",
        "repo": "AutoSave.nvim",
        "type": "github"
      }
    },
    "gitlinker-nvim": {
      "flake": false,
      "locked": {
        "lastModified": 1678318913,
        "narHash": "sha256-TdTcXe93JB89VzLr/uEm18dyUiaaE/dM19IYlM+PiKk=",
        "owner": "yelite",
        "repo": "gitlinker.nvim",
        "rev": "6976cef2c9ac746a8e621567d2e5e31799bc0d3b",
        "type": "github"
      },
      "original": {
        "owner": "yelite",
        "repo": "gitlinker.nvim",
        "type": "github"
      }
    },
    "hop-extensions": {
      "flake": false,
      "locked": {
        "lastModified": 1683213506,
        "narHash": "sha256-yA0Px9ERZwg5uQSO3Grz0+HT1LYKLLtgpX4glR8TeY0=",
        "owner": "IndianBoy42",
        "repo": "hop-extensions",
        "rev": "5f14d658efbfad76159b11db805fe3b51e34dd8d",
        "type": "github"
      },
      "original": {
        "owner": "IndianBoy42",
        "repo": "hop-extensions",
        "type": "github"
      }
    },
    "nixpkgs": {
      "locked": {
        "lastModified": 1700794826,
        "narHash": "sha256-RyJTnTNKhO0yqRpDISk03I/4A67/dp96YRxc86YOPgU=",
        "owner": "NixOS",
        "repo": "nixpkgs",
        "rev": "5a09cb4b393d58f9ed0d9ca1555016a8543c2ac8",
        "type": "github"
      },
      "original": {
        "id": "nixpkgs",
        "ref": "nixos-unstable",
        "type": "indirect"
      }
    },
    "nord-nvim": {
      "flake": false,
      "locked": {
        "lastModified": 1700724584,
        "narHash": "sha256-8fwD6LCvoBOXCL5aXe2p0+eofz+uyf5IEq/cW5dV4D8=",
        "owner": "gbprod",
        "repo": "nord.nvim",
        "rev": "2948bddbc3cf202789a37b38237144b290b432f6",
        "type": "github"
      },
      "original": {
        "owner": "gbprod",
        "repo": "nord.nvim",
        "type": "github"
      }
    },
    "nvim-lsp-basic": {
      "flake": false,
      "locked": {
        "lastModified": 1652014098,
        "narHash": "sha256-pAEg9eoXXMl954mjA/8VmGCuyWgBXNk8CUZIdodVtvI=",
        "owner": "nanotee",
        "repo": "nvim-lsp-basics",
        "rev": "632714bd3ab355eb6e725b5a78cd8730f12d14d2",
        "type": "github"
      },
      "original": {
        "owner": "nanotee",
        "repo": "nvim-lsp-basics",
        "type": "github"
      }
    },
    "nvim-navbuddy": {
      "flake": false,
      "locked": {
        "lastModified": 1694669446,
        "narHash": "sha256-zy1Tq8M5UITNAwtAlFYaUFlHnIZ5LWD9ZLaZcy7ulQ8=",
        "owner": "SmiteshP",
        "repo": "nvim-navbuddy",
        "rev": "f137a3466a6cd1965cdcc5398daff54e66eebbe5",
        "type": "github"
      },
      "original": {
        "owner": "SmiteshP",
        "repo": "nvim-navbuddy",
        "type": "github"
      }
    },
    "nvim-termfinder": {
      "flake": false,
      "locked": {
        "lastModified": 1666858512,
        "narHash": "sha256-9OvEQvMgDM2KqvGq4j6cwHXE060XDiyZEj5b5ouBohI=",
        "owner": "tknightz",
        "repo": "telescope-termfinder.nvim",
        "rev": "d639bfae1ff5e644700f20d208b2224648b573cf",
        "type": "github"
      },
      "original": {
        "owner": "tknightz",
        "repo": "telescope-termfinder.nvim",
        "type": "github"
      }
    },
    "pets-nvim": {
      "flake": false,
      "locked": {
        "lastModified": 1684930217,
        "narHash": "sha256-CtBCiTo26cTU+q/67QSrondNeyoAdVuIXMHZnxHMIm4=",
        "owner": "giusgad",
        "repo": "pets.nvim",
        "rev": "94b4724e031fc3c9b6da19bdef574f44fabcca16",
        "type": "github"
      },
      "original": {
        "owner": "giusgad",
        "repo": "pets.nvim",
        "type": "github"
      }
    },
    "possession-nvim": {
      "flake": false,
      "locked": {
        "lastModified": 1700333279,
        "narHash": "sha256-KM8PbOaqp5evVsGQMqXetdOqZKTN/xOOqeFPqMaY1bg=",
        "owner": "jedrzejboczar",
        "repo": "possession.nvim",
        "rev": "c344becc4b70fe9115282048610747756d419455",
        "type": "github"
      },
      "original": {
        "owner": "jedrzejboczar",
        "repo": "possession.nvim",
        "type": "github"
      }
    },
    "root": {
      "inputs": {
        "autosave": "autosave",
        "gitlinker-nvim": "gitlinker-nvim",
        "hop-extensions": "hop-extensions",
        "nixpkgs": "nixpkgs",
        "nord-nvim": "nord-nvim",
        "nvim-lsp-basic": "nvim-lsp-basic",
        "nvim-navbuddy": "nvim-navbuddy",
        "nvim-termfinder": "nvim-termfinder",
        "pets-nvim": "pets-nvim",
        "possession-nvim": "possession-nvim",
        "telescope-alternate": "telescope-alternate"
      }
    },
    "telescope-alternate": {
      "flake": false,
      "locked": {
        "lastModified": 1692267080,
        "narHash": "sha256-mKSgCrlTvhvh0iU3Z+QsP++PRr9oa8nEiQEMbReFV2I=",
        "owner": "otavioschwanck",
        "repo": "telescope-alternate",
        "rev": "bdf3efe80b2901efc6a17cb2c161eaf2aa8af0b1",
        "type": "github"
      },
      "original": {
        "owner": "otavioschwanck",
        "repo": "telescope-alternate",
        "type": "github"
      }
    }
  },
  "root": "root",
  "version": 7
}
