{
  "nodes": {
    "autopair": {
      "flake": false,
      "locked": {
        "lastModified": 1656950411,
        "narHash": "sha256-qt3t1iKRRNuiLWiVoiAYOu+9E7jsyECyIqZJ/oRIT1A=",
        "owner": "jorgebucaran",
        "repo": "autopair.fish",
        "rev": "4d1752ff5b39819ab58d7337c69220342e9de0e2",
        "type": "github"
      },
      "original": {
        "owner": "jorgebucaran",
        "repo": "autopair.fish",
        "type": "github"
      }
    },
    "done": {
      "flake": false,
      "locked": {
        "lastModified": 1700166884,
        "narHash": "sha256-BGHfwKoMfOZUsa05kEt8W2luc1aC3Su/OyaGmcb4UiI=",
        "owner": "franciscolourenco",
        "repo": "done",
        "rev": "fbea3f682f9f32d957946490436e9dde8a67c367",
        "type": "github"
      },
      "original": {
        "owner": "franciscolourenco",
        "repo": "done",
        "type": "github"
      }
    },
    "forgit": {
      "flake": false,
      "locked": {
        "lastModified": 1693148790,
        "narHash": "sha256-WvJxjEzF3vi+YPVSH3QdDyp3oxNypMoB71TAJ7D8hOQ=",
        "owner": "wfxr",
        "repo": "forgit",
        "rev": "48e91dadb53f7ac33cab238fb761b18630b6da6e",
        "type": "github"
      },
      "original": {
        "owner": "wfxr",
        "repo": "forgit",
        "type": "github"
      }
    },
    "fzf-fish": {
      "flake": false,
      "locked": {
        "lastModified": 1699637473,
        "narHash": "sha256-lxQZo6APemNjt2c21IL7+uY3YVs81nuaRUL7NDMcB6s=",
        "owner": "PatrickF1",
        "repo": "fzf.fish",
        "rev": "46c7bc6354494be5d869d56a24a46823a9fdded0",
        "type": "github"
      },
      "original": {
        "owner": "PatrickF1",
        "repo": "fzf.fish",
        "type": "github"
      }
    },
    "replay": {
      "flake": false,
      "locked": {
        "lastModified": 1655689996,
        "narHash": "sha256-bM6+oAd/HXaVgpJMut8bwqO54Le33hwO9qet9paK1kY=",
        "owner": "jorgebucaran",
        "repo": "replay.fish",
        "rev": "bd8e5b89ec78313538e747f0292fcaf631e87bd2",
        "type": "github"
      },
      "original": {
        "owner": "jorgebucaran",
        "repo": "replay.fish",
        "type": "github"
      }
    },
    "root": {
      "inputs": {
        "autopair": "autopair",
        "done": "done",
        "forgit": "forgit",
        "fzf-fish": "fzf-fish",
        "replay": "replay",
        "sponge": "sponge",
        "z": "z"
      }
    },
    "sponge": {
      "flake": false,
      "locked": {
        "lastModified": 1664918422,
        "narHash": "sha256-MdcZUDRtNJdiyo2l9o5ma7nAX84xEJbGFhAVhK+Zm1w=",
        "owner": "andreiborisov",
        "repo": "sponge",
        "rev": "384299545104d5256648cee9d8b117aaa9a6d7be",
        "type": "github"
      },
      "original": {
        "owner": "andreiborisov",
        "repo": "sponge",
        "type": "github"
      }
    },
    "z": {
      "flake": false,
      "locked": {
        "lastModified": 1649439817,
        "narHash": "sha256-+FUBM7CodtZrYKqU542fQD+ZDGrd2438trKM0tIESs0=",
        "owner": "jethrokuan",
        "repo": "z",
        "rev": "85f863f20f24faf675827fb00f3a4e15c7838d76",
        "type": "github"
      },
      "original": {
        "owner": "jethrokuan",
        "repo": "z",
        "type": "github"
      }
    }
  },
  "root": "root",
  "version": 7
}
