{
  "nodes": {
    "autosave": {
      "flake": false,
      "locked": {
        "lastModified": 1639521160,
        "narHash": "sha256-1tAYnd4/hGgG2NG8n9hZi9zWM+v1OTh0YBlG8kEZeXI=",
        "owner": "Pocco81",
        "repo": "AutoSave.nvim",
        "rev": "3d342d6fcebeede15b6511b13a38a522c6f33bf8",
        "type": "github"
      },
      "original": {
        "owner": "Pocco81",
        "repo": "AutoSave.nvim",
        "type": "github"
      }
    },
    "clangd-extensions-nvim": {
      "flake": false,
      "locked": {
        "lastModified": 1644896252,
        "narHash": "sha256-rwWc/lToWeJtFp+gnx8w9NAnwp25JXevaQSutbj2/LU=",
        "owner": "p00f",
        "repo": "clangd_extensions.nvim",
        "rev": "de694c4c6ecccbe5756c6a5f492c389e366e08e4",
        "type": "github"
      },
      "original": {
        "owner": "p00f",
        "repo": "clangd_extensions.nvim",
        "type": "github"
      }
    },
    "coq-nvim": {
      "flake": false,
      "locked": {
        "lastModified": 1645576938,
        "narHash": "sha256-L+f67hk++4ClleQ58softpvGQzSP2eTes0gFTfZQa4I=",
        "owner": "ms-jpq",
        "repo": "coq_nvim",
        "rev": "76a4fa392b599903cb1edcd9b7d329b9ad30271f",
        "type": "github"
      },
      "original": {
        "owner": "ms-jpq",
        "repo": "coq_nvim",
        "type": "github"
      }
    },
    "harpoon": {
      "flake": false,
      "locked": {
        "lastModified": 1645040677,
        "narHash": "sha256-J/7MXsqo6Squh9JETgpCeaVKOAY5q911vNRMRx/T+kc=",
        "owner": "ThePrimeagen",
        "repo": "harpoon",
        "rev": "b2bb0d6f2b8a55895afda53f0ad04527998d3411",
        "type": "github"
      },
      "original": {
        "owner": "ThePrimeagen",
        "repo": "harpoon",
        "type": "github"
      }
    },
    "hop-extensions": {
      "flake": false,
      "locked": {
        "lastModified": 1642487863,
        "narHash": "sha256-wp85nH9m/7Pp2lNzHt8eWacyZGUubnIc/Am2fREnj5Y=",
        "owner": "IndianBoy42",
        "repo": "hop-extensions",
        "rev": "47d72462803b3cc19758c36afef8325e957f5c53",
        "type": "github"
      },
      "original": {
        "owner": "IndianBoy42",
        "repo": "hop-extensions",
        "type": "github"
      }
    },
    "lspsaga-nvim": {
      "flake": false,
      "locked": {
        "lastModified": 1645468806,
        "narHash": "sha256-tGceQAt8DosrbrDiKPNgopcFk+/69+NxQUedKgl+VeY=",
        "owner": "tami5",
        "repo": "lspsaga.nvim",
        "rev": "65e9ca7fb147668ce3f7321f8d734ae9b754241c",
        "type": "github"
      },
      "original": {
        "owner": "tami5",
        "repo": "lspsaga.nvim",
        "type": "github"
      }
    },
    "mapx": {
      "flake": false,
      "locked": {
        "lastModified": 1637562769,
        "narHash": "sha256-XzGpUY1aH8G3O7ELNDDS/SuqKUFcbXKLn022jXS38uY=",
        "owner": "b0o",
        "repo": "mapx.nvim",
        "rev": "a95e22ac1e17da5f216c84c7578f769165ea2fc1",
        "type": "github"
      },
      "original": {
        "owner": "b0o",
        "repo": "mapx.nvim",
        "type": "github"
      }
    },
    "neorg-telescope": {
      "flake": false,
      "locked": {
        "lastModified": 1644606603,
        "narHash": "sha256-KXlQg3BgAMlN6vfbhuoMUtfTHG4oPQX23+5/5P8DYQw=",
        "owner": "nvim-neorg",
        "repo": "neorg-telescope",
        "rev": "4e78fc6bc34fdb5af1291df1e83915d63db0795e",
        "type": "github"
      },
      "original": {
        "owner": "nvim-neorg",
        "repo": "neorg-telescope",
        "type": "github"
      }
    },
    "neorg-trouble": {
      "flake": false,
      "locked": {
        "lastModified": 1636318297,
        "narHash": "sha256-lnJN5c4JaMRvhvzNRGz16zEnZZVS/BWsPjp1E1uVMIA=",
        "owner": "quantum-booty",
        "repo": "neorg-trouble",
        "rev": "b7566974961ecbe36d563e6ae32d98daa61b782c",
        "type": "github"
      },
      "original": {
        "owner": "quantum-booty",
        "repo": "neorg-trouble",
        "type": "github"
      }
    },
    "nixpkgs": {
      "locked": {
        "lastModified": 1645433236,
        "narHash": "sha256-4va4MvJ076XyPp5h8sm5eMQvCrJ6yZAbBmyw95dGyw4=",
        "owner": "NixOS",
        "repo": "nixpkgs",
        "rev": "7f9b6e2babf232412682c09e57ed666d8f84ac2d",
        "type": "github"
      },
      "original": {
        "id": "nixpkgs",
        "ref": "nixos-unstable",
        "type": "indirect"
      }
    },
    "root": {
      "inputs": {
        "autosave": "autosave",
        "clangd-extensions-nvim": "clangd-extensions-nvim",
        "coq-nvim": "coq-nvim",
        "harpoon": "harpoon",
        "hop-extensions": "hop-extensions",
        "lspsaga-nvim": "lspsaga-nvim",
        "mapx": "mapx",
        "neorg-telescope": "neorg-telescope",
        "neorg-trouble": "neorg-trouble",
        "nixpkgs": "nixpkgs",
        "session-lens": "session-lens",
        "tabout": "tabout",
        "telescope-rg-nvim": "telescope-rg-nvim",
        "trouble-nvim": "trouble-nvim"
      }
    },
    "session-lens": {
      "flake": false,
      "locked": {
        "lastModified": 1629435904,
        "narHash": "sha256-U1sRWLp+PCx29pQyueAppd/S3pI+SbDvYK5Ih5SZx3A=",
        "owner": "rmagatti",
        "repo": "session-lens",
        "rev": "4c1754bf5c2372d0a6265d40fb8f713bc27c8018",
        "type": "github"
      },
      "original": {
        "owner": "rmagatti",
        "repo": "session-lens",
        "type": "github"
      }
    },
    "tabout": {
      "flake": false,
      "locked": {
        "lastModified": 1639585959,
        "narHash": "sha256-g8oaYTg0Ta8DpOWzndUisoEagVO+T/35FC4KnTpRww0=",
        "owner": "abecodes",
        "repo": "tabout.nvim",
        "rev": "6ff556b1b2274c8ba3eaedbf62339789e79baca8",
        "type": "github"
      },
      "original": {
        "owner": "abecodes",
        "repo": "tabout.nvim",
        "type": "github"
      }
    },
    "telescope-rg-nvim": {
      "flake": false,
      "locked": {
        "lastModified": 1637086568,
        "narHash": "sha256-LBjJpM9euNC5KPZP1Q4sOQ2yB+4ZkdPhNLeLYDQchDc=",
        "owner": "nvim-telescope",
        "repo": "telescope-rg.nvim",
        "rev": "8124094e11b54a1853c3306d78e6ca9a8d40d0cb",
        "type": "github"
      },
      "original": {
        "owner": "nvim-telescope",
        "repo": "telescope-rg.nvim",
        "type": "github"
      }
    },
    "trouble-nvim": {
      "flake": false,
      "locked": {
        "lastModified": 1643865921,
        "narHash": "sha256-fHLzzvnbeZdVlFpYWv4/FprnFNqHM8u3pyhtwjrZ/QM=",
        "owner": "yelite",
        "repo": "trouble.nvim",
        "rev": "b87e860e29bc328ba030f7a10f51bdf35ae3b7f1",
        "type": "github"
      },
      "original": {
        "owner": "yelite",
        "repo": "trouble.nvim",
        "type": "github"
      }
    }
  },
  "root": "root",
  "version": 7
}
